Microsoft Visual Studio Solution File, Format Version 12.00
# Visual Studio Version 17
VisualStudioVersion = 17.5.2.0
MinimumVisualStudioVersion = 10.0.40219.1
Project("{2150E333-8FDC-42A3-9474-1A3956D46DE8}") = "study_project", "study_project", "{AD520E4D-5A44-DBA7-8B82-62FA2D8D31B8}"
EndProject
Project("{FAE04EC0-301F-11D3-BF4B-00C04F79EFBC}") = "project_3", "study_project\project_3\project_3.csproj", "{011A0511-7FC1-2EB7-764D-163A660EE28B}"
EndProject
Project("{2150E333-8FDC-42A3-9474-1A3956D46DE8}") = "project_1", "project_1", "{38EDFC68-26B4-C85C-38C0-36E8ADE7092B}"
EndProject
Project("{FAE04EC0-301F-11D3-BF4B-00C04F79EFBC}") = "project_1_building_a_parking_system_with_csharp", "study_project\project_1\project_1_building_a_parking_system_with_csharp\project_1_building_a_parking_system_with_csharp.csproj", "{B40E9EC7-F33A-8839-C5EA-EC31403574D2}"
EndProject
Project("{2150E333-8FDC-42A3-9474-1A3956D46DE8}") = "project_2", "project_2", "{4F354EBE-CCC4-289B-7782-B4878F6B83EF}"
EndProject
Project("{FAE04EC0-301F-11D3-BF4B-00C04F79EFBC}") = "project_2_hotel", "study_project\project_2\project_2_hotel_dictionary\project_2_hotel.csproj", "{80347D9B-91A6-8F01-0E1F-199283019F4A}"
EndProject
Project("{FAE04EC0-301F-11D3-BF4B-00C04F79EFBC}") = "project_2_hotel_list", "study_project\project_2\project_2_hotel_list\project_2_hotel_list.csproj", "{A90E2ED6-5899-D909-64DE-A24111EE3F15}"
EndProject
Project("{2150E333-8FDC-42A3-9474-1A3956D46DE8}") = "project_6", "project_6", "{2E5FC0C1-9DC2-F040-2037-B01344C82527}"
EndProject
Project("{2150E333-8FDC-42A3-9474-1A3956D46DE8}") = "DesafioWEXDockerCompose", "DesafioWEXDockerCompose", "{15EFBDB1-3EBF-7C85-1B61-248B206F75BF}"
EndProject
Project("{FAE04EC0-301F-11D3-BF4B-00C04F79EFBC}") = "JarbasBot", "study_project\project_6\DesafioWEXDockerCompose\JarbasBot\JarbasBot.csproj", "{9C771124-903C-4281-0CC0-AF58FA4E8125}"
EndProject
Global
	GlobalSection(SolutionConfigurationPlatforms) = preSolution
		Debug|Any CPU = Debug|Any CPU
		Release|Any CPU = Release|Any CPU
	EndGlobalSection
	GlobalSection(ProjectConfigurationPlatforms) = postSolution
		{011A0511-7FC1-2EB7-764D-163A660EE28B}.Debug|Any CPU.ActiveCfg = Debug|Any CPU
		{011A0511-7FC1-2EB7-764D-163A660EE28B}.Debug|Any CPU.Build.0 = Debug|Any CPU
		{011A0511-7FC1-2EB7-764D-163A660EE28B}.Release|Any CPU.ActiveCfg = Release|Any CPU
		{011A0511-7FC1-2EB7-764D-163A660EE28B}.Release|Any CPU.Build.0 = Release|Any CPU
		{B40E9EC7-F33A-8839-C5EA-EC31403574D2}.Debug|Any CPU.ActiveCfg = Debug|Any CPU
		{B40E9EC7-F33A-8839-C5EA-EC31403574D2}.Debug|Any CPU.Build.0 = Debug|Any CPU
		{B40E9EC7-F33A-8839-C5EA-EC31403574D2}.Release|Any CPU.ActiveCfg = Release|Any CPU
		{B40E9EC7-F33A-8839-C5EA-EC31403574D2}.Release|Any CPU.Build.0 = Release|Any CPU
		{80347D9B-91A6-8F01-0E1F-199283019F4A}.Debug|Any CPU.ActiveCfg = Debug|Any CPU
		{80347D9B-91A6-8F01-0E1F-199283019F4A}.Debug|Any CPU.Build.0 = Debug|Any CPU
		{80347D9B-91A6-8F01-0E1F-199283019F4A}.Release|Any CPU.ActiveCfg = Release|Any CPU
		{80347D9B-91A6-8F01-0E1F-199283019F4A}.Release|Any CPU.Build.0 = Release|Any CPU
		{A90E2ED6-5899-D909-64DE-A24111EE3F15}.Debug|Any CPU.ActiveCfg = Debug|Any CPU
		{A90E2ED6-5899-D909-64DE-A24111EE3F15}.Debug|Any CPU.Build.0 = Debug|Any CPU
		{A90E2ED6-5899-D909-64DE-A24111EE3F15}.Release|Any CPU.ActiveCfg = Release|Any CPU
		{A90E2ED6-5899-D909-64DE-A24111EE3F15}.Release|Any CPU.Build.0 = Release|Any CPU
		{9C771124-903C-4281-0CC0-AF58FA4E8125}.Debug|Any CPU.ActiveCfg = Debug|Any CPU
		{9C771124-903C-4281-0CC0-AF58FA4E8125}.Debug|Any CPU.Build.0 = Debug|Any CPU
		{9C771124-903C-4281-0CC0-AF58FA4E8125}.Release|Any CPU.ActiveCfg = Release|Any CPU
		{9C771124-903C-4281-0CC0-AF58FA4E8125}.Release|Any CPU.Build.0 = Release|Any CPU
	EndGlobalSection
	GlobalSection(SolutionProperties) = preSolution
		HideSolutionNode = FALSE
	EndGlobalSection
	GlobalSection(NestedProjects) = preSolution
		{011A0511-7FC1-2EB7-764D-163A660EE28B} = {AD520E4D-5A44-DBA7-8B82-62FA2D8D31B8}
		{38EDFC68-26B4-C85C-38C0-36E8ADE7092B} = {AD520E4D-5A44-DBA7-8B82-62FA2D8D31B8}
		{B40E9EC7-F33A-8839-C5EA-EC31403574D2} = {38EDFC68-26B4-C85C-38C0-36E8ADE7092B}
		{4F354EBE-CCC4-289B-7782-B4878F6B83EF} = {AD520E4D-5A44-DBA7-8B82-62FA2D8D31B8}
		{80347D9B-91A6-8F01-0E1F-199283019F4A} = {4F354EBE-CCC4-289B-7782-B4878F6B83EF}
		{A90E2ED6-5899-D909-64DE-A24111EE3F15} = {4F354EBE-CCC4-289B-7782-B4878F6B83EF}
		{2E5FC0C1-9DC2-F040-2037-B01344C82527} = {AD520E4D-5A44-DBA7-8B82-62FA2D8D31B8}
		{15EFBDB1-3EBF-7C85-1B61-248B206F75BF} = {2E5FC0C1-9DC2-F040-2037-B01344C82527}
		{9C771124-903C-4281-0CC0-AF58FA4E8125} = {15EFBDB1-3EBF-7C85-1B61-248B206F75BF}
	EndGlobalSection
	GlobalSection(ExtensibilityGlobals) = postSolution
		SolutionGuid = {BD0EBB01-7B31-4287-BA31-123C8A7B9163}
	EndGlobalSection
EndGlobal
