Microsoft Visual Studio Solution File, Format Version 12.00
# Visual Studio Version 17
VisualStudioVersion = 17.5.2.0
MinimumVisualStudioVersion = 10.0.40219.1
Project("{2150E333-8FDC-42A3-9474-1A3956D46DE8}") = "study_material", "study_material", "{08EE1E12-F489-6742-A893-6BD784E9B1E7}"
EndProject
Project("{2150E333-8FDC-42A3-9474-1A3956D46DE8}") = "07_understanding_the_structure_of_a_project", "07_understanding_the_structure_of_a_project", "{DCCD779E-DDB5-9F10-FE18-9027AF614ED2}"
EndProject
Project("{FAE04EC0-301F-11D3-BF4B-00C04F79EFBC}") = "codification", "study_material\07_understanding_the_structure_of_a_project\codification\codification.csproj", "{93453654-399C-EBC8-DDF2-5F557FC43BAE}"
EndProject
Project("{2150E333-8FDC-42A3-9474-1A3956D46DE8}") = "08_data_types", "08_data_types", "{EA0A715B-C249-6F6B-C617-EA9E2F6F2C7D}"
EndProject
Project("{FAE04EC0-301F-11D3-BF4B-00C04F79EFBC}") = "codification", "study_material\08_data_types\codification\codification.csproj", "{332B1477-BB98-5639-076C-74545C9B2F07}"
EndProject
Global
	GlobalSection(SolutionConfigurationPlatforms) = preSolution
		Debug|Any CPU = Debug|Any CPU
		Release|Any CPU = Release|Any CPU
	EndGlobalSection
	GlobalSection(ProjectConfigurationPlatforms) = postSolution
		{93453654-399C-EBC8-DDF2-5F557FC43BAE}.Debug|Any CPU.ActiveCfg = Debug|Any CPU
		{93453654-399C-EBC8-DDF2-5F557FC43BAE}.Debug|Any CPU.Build.0 = Debug|Any CPU
		{93453654-399C-EBC8-DDF2-5F557FC43BAE}.Release|Any CPU.ActiveCfg = Release|Any CPU
		{93453654-399C-EBC8-DDF2-5F557FC43BAE}.Release|Any CPU.Build.0 = Release|Any CPU
		{332B1477-BB98-5639-076C-74545C9B2F07}.Debug|Any CPU.ActiveCfg = Debug|Any CPU
		{332B1477-BB98-5639-076C-74545C9B2F07}.Debug|Any CPU.Build.0 = Debug|Any CPU
		{332B1477-BB98-5639-076C-74545C9B2F07}.Release|Any CPU.ActiveCfg = Release|Any CPU
		{332B1477-BB98-5639-076C-74545C9B2F07}.Release|Any CPU.Build.0 = Release|Any CPU
	EndGlobalSection
	GlobalSection(SolutionProperties) = preSolution
		HideSolutionNode = FALSE
	EndGlobalSection
	GlobalSection(NestedProjects) = preSolution
		{DCCD779E-DDB5-9F10-FE18-9027AF614ED2} = {08EE1E12-F489-6742-A893-6BD784E9B1E7}
		{93453654-399C-EBC8-DDF2-5F557FC43BAE} = {DCCD779E-DDB5-9F10-FE18-9027AF614ED2}
		{EA0A715B-C249-6F6B-C617-EA9E2F6F2C7D} = {08EE1E12-F489-6742-A893-6BD784E9B1E7}
		{332B1477-BB98-5639-076C-74545C9B2F07} = {EA0A715B-C249-6F6B-C617-EA9E2F6F2C7D}
	EndGlobalSection
	GlobalSection(ExtensibilityGlobals) = postSolution
		SolutionGuid = {570750ED-E21F-447F-A8F2-8E3DF9AC2E63}
	EndGlobalSection
EndGlobal
